
Microsoft Visual Studio Solution File, Format Version 12.00
# Visual Studio Version 16
VisualStudioVersion = 16.0.30114.105
MinimumVisualStudioVersion = 10.0.40219.1
Project("{FAE04EC0-301F-11D3-BF4B-00C04F79EFBC}") = "DWSIM.UnitOperations.NeuralNetwork", "DWSIM.UnitOperations.NeuralNetwork.csproj", "{949A068C-9707-4CA3-81C5-F80EE49BD3D8}"
EndProject
Global
	GlobalSection(SolutionConfigurationPlatforms) = preSolution
		Debug|Any CPU = Debug|Any CPU
		DebugWin|Any CPU = DebugWin|Any CPU
		Release|Any CPU = Release|Any CPU
		ReleaseWin|Any CPU = ReleaseWin|Any CPU
	EndGlobalSection
	GlobalSection(ProjectConfigurationPlatforms) = postSolution
		{949A068C-9707-4CA3-81C5-F80EE49BD3D8}.Debug|Any CPU.ActiveCfg = Debug|Any CPU
		{949A068C-9707-4CA3-81C5-F80EE49BD3D8}.Debug|Any CPU.Build.0 = Debug|Any CPU
		{949A068C-9707-4CA3-81C5-F80EE49BD3D8}.DebugWin|Any CPU.ActiveCfg = DebugWin|Any CPU
		{949A068C-9707-4CA3-81C5-F80EE49BD3D8}.DebugWin|Any CPU.Build.0 = DebugWin|Any CPU
		{949A068C-9707-4CA3-81C5-F80EE49BD3D8}.Release|Any CPU.ActiveCfg = Release|Any CPU
		{949A068C-9707-4CA3-81C5-F80EE49BD3D8}.Release|Any CPU.Build.0 = Release|Any CPU
		{949A068C-9707-4CA3-81C5-F80EE49BD3D8}.ReleaseWin|Any CPU.ActiveCfg = ReleaseWin|Any CPU
		{949A068C-9707-4CA3-81C5-F80EE49BD3D8}.ReleaseWin|Any CPU.Build.0 = ReleaseWin|Any CPU
	EndGlobalSection
	GlobalSection(SolutionProperties) = preSolution
		HideSolutionNode = FALSE
	EndGlobalSection
	GlobalSection(ExtensibilityGlobals) = postSolution
		SolutionGuid = {E27734EF-27FF-4191-A91B-E268A942437C}
	EndGlobalSection
EndGlobal
